
Microsoft Visual Studio Solution File, Format Version 12.00
# Visual Studio Version 17
VisualStudioVersion = 17.4.33403.182
MinimumVisualStudioVersion = 10.0.40219.1
Project("{FAE04EC0-301F-11D3-BF4B-00C04F79EFBC}") = "PyramidSort", "PyramidSort\PyramidSort.csproj", "{9DFA2481-052A-4021-A070-5D16AED91F77}"
EndProject
Global
	GlobalSection(SolutionConfigurationPlatforms) = preSolution
		Debug|Any CPU = Debug|Any CPU
		Release|Any CPU = Release|Any CPU
	EndGlobalSection
	GlobalSection(ProjectConfigurationPlatforms) = postSolution
		{9DFA2481-052A-4021-A070-5D16AED91F77}.Debug|Any CPU.ActiveCfg = Debug|Any CPU
		{9DFA2481-052A-4021-A070-5D16AED91F77}.Debug|Any CPU.Build.0 = Debug|Any CPU
		{9DFA2481-052A-4021-A070-5D16AED91F77}.Release|Any CPU.ActiveCfg = Release|Any CPU
		{9DFA2481-052A-4021-A070-5D16AED91F77}.Release|Any CPU.Build.0 = Release|Any CPU
	EndGlobalSection
	GlobalSection(SolutionProperties) = preSolution
		HideSolutionNode = FALSE
	EndGlobalSection
	GlobalSection(ExtensibilityGlobals) = postSolution
		SolutionGuid = {E3B4B653-D8DC-495D-8ADC-FBE1A86AB146}
	EndGlobalSection
EndGlobal
